
Microsoft Visual Studio Solution File, Format Version 12.00
Project("{2150E333-8FDC-42A3-9474-1A3956D46DE8}") = "Domain", "Domain", "{611B0C80-A761-4E6F-BC71-C7996054C1C7}"
EndProject
Project("{FAE04EC0-301F-11D3-BF4B-00C04F79EFBC}") = "PaperStreet.Domain.Core", "PaperStreet.Domain.Core\PaperStreet.Domain.Core.csproj", "{7835BB7E-3EB7-48C3-B16D-ACC9EB77215F}"
EndProject
Project("{2150E333-8FDC-42A3-9474-1A3956D46DE8}") = "Infra.Bus", "Infra.Bus", "{C4233618-791B-45E2-8833-1AF3DFE706B8}"
EndProject
Project("{FAE04EC0-301F-11D3-BF4B-00C04F79EFBC}") = "PaperStreet.Infra.Bus", "PaperStreet.Infra.Bus\PaperStreet.Infra.Bus.csproj", "{5BBC065A-14FF-4450-B311-E0E806275604}"
EndProject
Project("{2150E333-8FDC-42A3-9474-1A3956D46DE8}") = "Infra.IoC", "Infra.IoC", "{025A46C7-B8CA-4666-B066-1566132B8FF5}"
EndProject
Project("{FAE04EC0-301F-11D3-BF4B-00C04F79EFBC}") = "PaperStreet.Infra.IoC", "PaperStreet.Infra.IoC\PaperStreet.Infra.IoC.csproj", "{925C3A0A-53E1-45B9-88AC-729A9A84D6FC}"
EndProject
Project("{2150E333-8FDC-42A3-9474-1A3956D46DE8}") = "Microservices", "Microservices", "{E7EFABE6-478D-4470-8883-FBEF6AF830F1}"
EndProject
Project("{2150E333-8FDC-42A3-9474-1A3956D46DE8}") = "Authentication", "Authentication", "{85925609-3EBB-4336-A500-7C6FBB573901}"
EndProject
Project("{2150E333-8FDC-42A3-9474-1A3956D46DE8}") = "Api", "Api", "{1919EAA2-9E38-4A88-81EA-A6EA3666D6C6}"
EndProject
Project("{2150E333-8FDC-42A3-9474-1A3956D46DE8}") = "Application", "Application", "{6EC423AF-7595-44F6-BE00-B10F421F7025}"
EndProject
Project("{2150E333-8FDC-42A3-9474-1A3956D46DE8}") = "Data", "Data", "{305CFE48-D3F7-4AEB-9A47-6003AFC67112}"
EndProject
Project("{2150E333-8FDC-42A3-9474-1A3956D46DE8}") = "Domain", "Domain", "{944B3F6E-AFD4-4B07-861C-75DB36761BAE}"
EndProject
Project("{2150E333-8FDC-42A3-9474-1A3956D46DE8}") = "Tests", "Tests", "{E627D46C-B0BF-4208-9807-C4D297FC37DA}"
EndProject
Project("{FAE04EC0-301F-11D3-BF4B-00C04F79EFBC}") = "PaperStreet.Authentication.Api", "PaperStreet.Authentication.Api\PaperStreet.Authentication.Api.csproj", "{BB35E2B6-22B1-4CB1-B193-27B5BE599967}"
EndProject
Project("{FAE04EC0-301F-11D3-BF4B-00C04F79EFBC}") = "PaperStreet.Authentication.Application", "PaperStreet.Authentication.Application\PaperStreet.Authentication.Application.csproj", "{D02F6221-5B8E-499D-89A5-A1BEED03DEA0}"
EndProject
Project("{FAE04EC0-301F-11D3-BF4B-00C04F79EFBC}") = "PaperStreet.Authentication.Data", "PaperStreet.Authentication.Data\PaperStreet.Authentication.Data.csproj", "{E8072C31-EE37-4347-AB38-0128ECC1B29D}"
EndProject
Project("{FAE04EC0-301F-11D3-BF4B-00C04F79EFBC}") = "PaperStreet.Authentication.Domain", "PaperStreet.Authentication.Domain\PaperStreet.Authentication.Domain.csproj", "{0FA8DA42-27F9-4FAD-9361-58E8A190978D}"
EndProject
Project("{FAE04EC0-301F-11D3-BF4B-00C04F79EFBC}") = "PaperStreet.Tests", "PaperStreet.Tests\PaperStreet.Tests.csproj", "{2C480AE9-7C43-47C9-95CC-593070EA8A66}"
EndProject
Project("{2150E333-8FDC-42A3-9474-1A3956D46DE8}") = "Infra", "Infra", "{FBA5F146-FA5D-4E2C-B5A9-38987C634A2C}"
EndProject
Project("{FAE04EC0-301F-11D3-BF4B-00C04F79EFBC}") = "PaperStreet.Authentication.Infra", "PaperStreet.Authentication.Infra\PaperStreet.Authentication.Infra.csproj", "{C6B7A334-7DBB-4A46-B553-D1B88AABA0F5}"
EndProject
Project("{2150E333-8FDC-42A3-9474-1A3956D46DE8}") = "Logging", "Logging", "{CADB2A55-B3BE-41DB-B28D-2989FE1536D9}"
EndProject
Project("{2150E333-8FDC-42A3-9474-1A3956D46DE8}") = "Api", "Api", "{50C43A3E-8211-4DE9-8771-1AC39BAA92BF}"
EndProject
Project("{2150E333-8FDC-42A3-9474-1A3956D46DE8}") = "Application", "Application", "{D8175BEB-1F25-469D-9363-AC73A6D4B048}"
EndProject
Project("{2150E333-8FDC-42A3-9474-1A3956D46DE8}") = "Data", "Data", "{F9D0F4F4-5143-45D5-AA88-3ED5DDC8DE2F}"
EndProject
Project("{2150E333-8FDC-42A3-9474-1A3956D46DE8}") = "Domain", "Domain", "{862E0C0C-A103-4174-8D13-68D159E4541B}"
EndProject
Project("{2150E333-8FDC-42A3-9474-1A3956D46DE8}") = "Infra", "Infra", "{8CEF3E98-943F-45D3-A6D3-4163B480DF42}"
EndProject
Project("{FAE04EC0-301F-11D3-BF4B-00C04F79EFBC}") = "PaperStreet.Logging.Api", "PaperStreet.Logging.Api\PaperStreet.Logging.Api.csproj", "{0990629E-38F3-4337-BEEA-E122A17041B2}"
EndProject
Project("{FAE04EC0-301F-11D3-BF4B-00C04F79EFBC}") = "PaperStreet.Logging.Application", "PaperStreet.Logging.Application\PaperStreet.Logging.Application.csproj", "{82FA83EE-2581-4633-9249-49053359F93A}"
EndProject
Project("{FAE04EC0-301F-11D3-BF4B-00C04F79EFBC}") = "PaperStreet.Logging.Data", "PaperStreet.Logging.Data\PaperStreet.Logging.Data.csproj", "{76716D93-15AA-4D9B-B360-8BB7C9ECF47C}"
EndProject
Project("{FAE04EC0-301F-11D3-BF4B-00C04F79EFBC}") = "PaperStreet.Logging.Domain", "PaperStreet.Logging.Domain\PaperStreet.Logging.Domain.csproj", "{3DF7464C-665A-45FA-95E8-CE730CDAE92C}"
EndProject
Project("{2150E333-8FDC-42A3-9474-1A3956D46DE8}") = "Communication", "Communication", "{6FAE4F16-EAF4-4945-B503-2FCFFAE3F080}"
EndProject
Project("{2150E333-8FDC-42A3-9474-1A3956D46DE8}") = "Api", "Api", "{283896C7-A80A-4A83-B7B0-71BF5E848D11}"
EndProject
Project("{2150E333-8FDC-42A3-9474-1A3956D46DE8}") = "Application", "Application", "{17053210-0F9D-48DF-BCC1-3C577048A7D0}"
EndProject
Project("{2150E333-8FDC-42A3-9474-1A3956D46DE8}") = "Domain", "Domain", "{C2A93395-D2FB-4985-82AA-8506B7DF5153}"
EndProject
Project("{FAE04EC0-301F-11D3-BF4B-00C04F79EFBC}") = "PaperStreet.Communication.Api", "PaperStreet.Communication.Api\PaperStreet.Communication.Api.csproj", "{3AEF3A12-1739-4485-9AA5-448157D30135}"
EndProject
Project("{FAE04EC0-301F-11D3-BF4B-00C04F79EFBC}") = "PaperStreet.Communication.Application", "PaperStreet.Communication.Application\PaperStreet.Communication.Application.csproj", "{B95389C4-7BA1-4BD7-A030-0FE66EE99797}"
EndProject
Project("{FAE04EC0-301F-11D3-BF4B-00C04F79EFBC}") = "PaperStreet.Communication.Domain", "PaperStreet.Communication.Domain\PaperStreet.Communication.Domain.csproj", "{D752529D-E90F-4109-B4CD-2284BD0E7658}"
EndProject
Project("{2150E333-8FDC-42A3-9474-1A3956D46DE8}") = "Reservations", "Reservations", "{05A7922A-2456-48A5-B93C-1FE5D9FE4B9B}"
EndProject
Project("{2150E333-8FDC-42A3-9474-1A3956D46DE8}") = "Api", "Api", "{03582023-C229-42F9-87BE-DB37939B496C}"
EndProject
Project("{2150E333-8FDC-42A3-9474-1A3956D46DE8}") = "Application", "Application", "{153F4791-DE74-4157-998F-92C3F8864074}"
EndProject
Project("{2150E333-8FDC-42A3-9474-1A3956D46DE8}") = "Data", "Data", "{6ABA8134-4CA2-47F5-92EF-510A1CA5C1E9}"
EndProject
Project("{2150E333-8FDC-42A3-9474-1A3956D46DE8}") = "Domain", "Domain", "{DBC3E8AE-EBD7-4A54-86E9-3686BD357048}"
EndProject
Project("{FAE04EC0-301F-11D3-BF4B-00C04F79EFBC}") = "PaperStreet.Reservations.Api", "PaperStreet.Reservations.Api\PaperStreet.Reservations.Api.csproj", "{F170AA14-946B-4EF3-893F-45DD28F78FF5}"
EndProject
Project("{FAE04EC0-301F-11D3-BF4B-00C04F79EFBC}") = "PaperStreet.Reservations.Data", "PaperStreet.Reservations.Data\PaperStreet.Reservations.Data.csproj", "{51E7BCA7-60C7-4678-BF70-9861173EAACA}"
EndProject
Project("{FAE04EC0-301F-11D3-BF4B-00C04F79EFBC}") = "PaperStreet.Reservations.Domain", "PaperStreet.Reservations.Domain\PaperStreet.Reservations.Domain.csproj", "{EAC2D50C-275C-4E66-9AA1-1354095FDD17}"
EndProject
Project("{FAE04EC0-301F-11D3-BF4B-00C04F79EFBC}") = "PaperStreet.Reservations.Application", "PaperStreet.Reservations.Application\PaperStreet.Reservations.Application.csproj", "{129B50DF-C45D-4F18-B812-5F7FFA171E3C}"
EndProject
Global
	GlobalSection(SolutionConfigurationPlatforms) = preSolution
		Debug|Any CPU = Debug|Any CPU
		Release|Any CPU = Release|Any CPU
	EndGlobalSection
	GlobalSection(NestedProjects) = preSolution
		{7835BB7E-3EB7-48C3-B16D-ACC9EB77215F} = {611B0C80-A761-4E6F-BC71-C7996054C1C7}
		{5BBC065A-14FF-4450-B311-E0E806275604} = {C4233618-791B-45E2-8833-1AF3DFE706B8}
		{925C3A0A-53E1-45B9-88AC-729A9A84D6FC} = {025A46C7-B8CA-4666-B066-1566132B8FF5}
		{85925609-3EBB-4336-A500-7C6FBB573901} = {E7EFABE6-478D-4470-8883-FBEF6AF830F1}
		{1919EAA2-9E38-4A88-81EA-A6EA3666D6C6} = {85925609-3EBB-4336-A500-7C6FBB573901}
		{6EC423AF-7595-44F6-BE00-B10F421F7025} = {85925609-3EBB-4336-A500-7C6FBB573901}
		{305CFE48-D3F7-4AEB-9A47-6003AFC67112} = {85925609-3EBB-4336-A500-7C6FBB573901}
		{944B3F6E-AFD4-4B07-861C-75DB36761BAE} = {85925609-3EBB-4336-A500-7C6FBB573901}
		{BB35E2B6-22B1-4CB1-B193-27B5BE599967} = {1919EAA2-9E38-4A88-81EA-A6EA3666D6C6}
		{D02F6221-5B8E-499D-89A5-A1BEED03DEA0} = {6EC423AF-7595-44F6-BE00-B10F421F7025}
		{E8072C31-EE37-4347-AB38-0128ECC1B29D} = {305CFE48-D3F7-4AEB-9A47-6003AFC67112}
		{0FA8DA42-27F9-4FAD-9361-58E8A190978D} = {944B3F6E-AFD4-4B07-861C-75DB36761BAE}
		{2C480AE9-7C43-47C9-95CC-593070EA8A66} = {E627D46C-B0BF-4208-9807-C4D297FC37DA}
		{FBA5F146-FA5D-4E2C-B5A9-38987C634A2C} = {85925609-3EBB-4336-A500-7C6FBB573901}
		{C6B7A334-7DBB-4A46-B553-D1B88AABA0F5} = {FBA5F146-FA5D-4E2C-B5A9-38987C634A2C}
		{CADB2A55-B3BE-41DB-B28D-2989FE1536D9} = {E7EFABE6-478D-4470-8883-FBEF6AF830F1}
		{50C43A3E-8211-4DE9-8771-1AC39BAA92BF} = {CADB2A55-B3BE-41DB-B28D-2989FE1536D9}
		{D8175BEB-1F25-469D-9363-AC73A6D4B048} = {CADB2A55-B3BE-41DB-B28D-2989FE1536D9}
		{F9D0F4F4-5143-45D5-AA88-3ED5DDC8DE2F} = {CADB2A55-B3BE-41DB-B28D-2989FE1536D9}
		{862E0C0C-A103-4174-8D13-68D159E4541B} = {CADB2A55-B3BE-41DB-B28D-2989FE1536D9}
		{8CEF3E98-943F-45D3-A6D3-4163B480DF42} = {CADB2A55-B3BE-41DB-B28D-2989FE1536D9}
		{0990629E-38F3-4337-BEEA-E122A17041B2} = {50C43A3E-8211-4DE9-8771-1AC39BAA92BF}
		{82FA83EE-2581-4633-9249-49053359F93A} = {D8175BEB-1F25-469D-9363-AC73A6D4B048}
		{76716D93-15AA-4D9B-B360-8BB7C9ECF47C} = {F9D0F4F4-5143-45D5-AA88-3ED5DDC8DE2F}
		{3DF7464C-665A-45FA-95E8-CE730CDAE92C} = {862E0C0C-A103-4174-8D13-68D159E4541B}
		{6FAE4F16-EAF4-4945-B503-2FCFFAE3F080} = {E7EFABE6-478D-4470-8883-FBEF6AF830F1}
		{283896C7-A80A-4A83-B7B0-71BF5E848D11} = {6FAE4F16-EAF4-4945-B503-2FCFFAE3F080}
		{17053210-0F9D-48DF-BCC1-3C577048A7D0} = {6FAE4F16-EAF4-4945-B503-2FCFFAE3F080}
		{C2A93395-D2FB-4985-82AA-8506B7DF5153} = {6FAE4F16-EAF4-4945-B503-2FCFFAE3F080}
		{3AEF3A12-1739-4485-9AA5-448157D30135} = {283896C7-A80A-4A83-B7B0-71BF5E848D11}
		{B95389C4-7BA1-4BD7-A030-0FE66EE99797} = {17053210-0F9D-48DF-BCC1-3C577048A7D0}
		{D752529D-E90F-4109-B4CD-2284BD0E7658} = {C2A93395-D2FB-4985-82AA-8506B7DF5153}
		{05A7922A-2456-48A5-B93C-1FE5D9FE4B9B} = {E7EFABE6-478D-4470-8883-FBEF6AF830F1}
		{03582023-C229-42F9-87BE-DB37939B496C} = {05A7922A-2456-48A5-B93C-1FE5D9FE4B9B}
		{153F4791-DE74-4157-998F-92C3F8864074} = {05A7922A-2456-48A5-B93C-1FE5D9FE4B9B}
		{6ABA8134-4CA2-47F5-92EF-510A1CA5C1E9} = {05A7922A-2456-48A5-B93C-1FE5D9FE4B9B}
		{DBC3E8AE-EBD7-4A54-86E9-3686BD357048} = {05A7922A-2456-48A5-B93C-1FE5D9FE4B9B}
		{F170AA14-946B-4EF3-893F-45DD28F78FF5} = {03582023-C229-42F9-87BE-DB37939B496C}
		{51E7BCA7-60C7-4678-BF70-9861173EAACA} = {6ABA8134-4CA2-47F5-92EF-510A1CA5C1E9}
		{EAC2D50C-275C-4E66-9AA1-1354095FDD17} = {DBC3E8AE-EBD7-4A54-86E9-3686BD357048}
		{129B50DF-C45D-4F18-B812-5F7FFA171E3C} = {153F4791-DE74-4157-998F-92C3F8864074}
	EndGlobalSection
	GlobalSection(ProjectConfigurationPlatforms) = postSolution
		{7835BB7E-3EB7-48C3-B16D-ACC9EB77215F}.Debug|Any CPU.ActiveCfg = Debug|Any CPU
		{7835BB7E-3EB7-48C3-B16D-ACC9EB77215F}.Debug|Any CPU.Build.0 = Debug|Any CPU
		{7835BB7E-3EB7-48C3-B16D-ACC9EB77215F}.Release|Any CPU.ActiveCfg = Release|Any CPU
		{7835BB7E-3EB7-48C3-B16D-ACC9EB77215F}.Release|Any CPU.Build.0 = Release|Any CPU
		{5BBC065A-14FF-4450-B311-E0E806275604}.Debug|Any CPU.ActiveCfg = Debug|Any CPU
		{5BBC065A-14FF-4450-B311-E0E806275604}.Debug|Any CPU.Build.0 = Debug|Any CPU
		{5BBC065A-14FF-4450-B311-E0E806275604}.Release|Any CPU.ActiveCfg = Release|Any CPU
		{5BBC065A-14FF-4450-B311-E0E806275604}.Release|Any CPU.Build.0 = Release|Any CPU
		{925C3A0A-53E1-45B9-88AC-729A9A84D6FC}.Debug|Any CPU.ActiveCfg = Debug|Any CPU
		{925C3A0A-53E1-45B9-88AC-729A9A84D6FC}.Debug|Any CPU.Build.0 = Debug|Any CPU
		{925C3A0A-53E1-45B9-88AC-729A9A84D6FC}.Release|Any CPU.ActiveCfg = Release|Any CPU
		{925C3A0A-53E1-45B9-88AC-729A9A84D6FC}.Release|Any CPU.Build.0 = Release|Any CPU
		{BB35E2B6-22B1-4CB1-B193-27B5BE599967}.Debug|Any CPU.ActiveCfg = Debug|Any CPU
		{BB35E2B6-22B1-4CB1-B193-27B5BE599967}.Debug|Any CPU.Build.0 = Debug|Any CPU
		{BB35E2B6-22B1-4CB1-B193-27B5BE599967}.Release|Any CPU.ActiveCfg = Release|Any CPU
		{BB35E2B6-22B1-4CB1-B193-27B5BE599967}.Release|Any CPU.Build.0 = Release|Any CPU
		{D02F6221-5B8E-499D-89A5-A1BEED03DEA0}.Debug|Any CPU.ActiveCfg = Debug|Any CPU
		{D02F6221-5B8E-499D-89A5-A1BEED03DEA0}.Debug|Any CPU.Build.0 = Debug|Any CPU
		{D02F6221-5B8E-499D-89A5-A1BEED03DEA0}.Release|Any CPU.ActiveCfg = Release|Any CPU
		{D02F6221-5B8E-499D-89A5-A1BEED03DEA0}.Release|Any CPU.Build.0 = Release|Any CPU
		{E8072C31-EE37-4347-AB38-0128ECC1B29D}.Debug|Any CPU.ActiveCfg = Debug|Any CPU
		{E8072C31-EE37-4347-AB38-0128ECC1B29D}.Debug|Any CPU.Build.0 = Debug|Any CPU
		{E8072C31-EE37-4347-AB38-0128ECC1B29D}.Release|Any CPU.ActiveCfg = Release|Any CPU
		{E8072C31-EE37-4347-AB38-0128ECC1B29D}.Release|Any CPU.Build.0 = Release|Any CPU
		{0FA8DA42-27F9-4FAD-9361-58E8A190978D}.Debug|Any CPU.ActiveCfg = Debug|Any CPU
		{0FA8DA42-27F9-4FAD-9361-58E8A190978D}.Debug|Any CPU.Build.0 = Debug|Any CPU
		{0FA8DA42-27F9-4FAD-9361-58E8A190978D}.Release|Any CPU.ActiveCfg = Release|Any CPU
		{0FA8DA42-27F9-4FAD-9361-58E8A190978D}.Release|Any CPU.Build.0 = Release|Any CPU
		{2C480AE9-7C43-47C9-95CC-593070EA8A66}.Debug|Any CPU.ActiveCfg = Debug|Any CPU
		{2C480AE9-7C43-47C9-95CC-593070EA8A66}.Debug|Any CPU.Build.0 = Debug|Any CPU
		{2C480AE9-7C43-47C9-95CC-593070EA8A66}.Release|Any CPU.ActiveCfg = Release|Any CPU
		{2C480AE9-7C43-47C9-95CC-593070EA8A66}.Release|Any CPU.Build.0 = Release|Any CPU
		{C6B7A334-7DBB-4A46-B553-D1B88AABA0F5}.Debug|Any CPU.ActiveCfg = Debug|Any CPU
		{C6B7A334-7DBB-4A46-B553-D1B88AABA0F5}.Debug|Any CPU.Build.0 = Debug|Any CPU
		{C6B7A334-7DBB-4A46-B553-D1B88AABA0F5}.Release|Any CPU.ActiveCfg = Release|Any CPU
		{C6B7A334-7DBB-4A46-B553-D1B88AABA0F5}.Release|Any CPU.Build.0 = Release|Any CPU
		{0990629E-38F3-4337-BEEA-E122A17041B2}.Debug|Any CPU.ActiveCfg = Debug|Any CPU
		{0990629E-38F3-4337-BEEA-E122A17041B2}.Debug|Any CPU.Build.0 = Debug|Any CPU
		{0990629E-38F3-4337-BEEA-E122A17041B2}.Release|Any CPU.ActiveCfg = Release|Any CPU
		{0990629E-38F3-4337-BEEA-E122A17041B2}.Release|Any CPU.Build.0 = Release|Any CPU
		{82FA83EE-2581-4633-9249-49053359F93A}.Debug|Any CPU.ActiveCfg = Debug|Any CPU
		{82FA83EE-2581-4633-9249-49053359F93A}.Debug|Any CPU.Build.0 = Debug|Any CPU
		{82FA83EE-2581-4633-9249-49053359F93A}.Release|Any CPU.ActiveCfg = Release|Any CPU
		{82FA83EE-2581-4633-9249-49053359F93A}.Release|Any CPU.Build.0 = Release|Any CPU
		{76716D93-15AA-4D9B-B360-8BB7C9ECF47C}.Debug|Any CPU.ActiveCfg = Debug|Any CPU
		{76716D93-15AA-4D9B-B360-8BB7C9ECF47C}.Debug|Any CPU.Build.0 = Debug|Any CPU
		{76716D93-15AA-4D9B-B360-8BB7C9ECF47C}.Release|Any CPU.ActiveCfg = Release|Any CPU
		{76716D93-15AA-4D9B-B360-8BB7C9ECF47C}.Release|Any CPU.Build.0 = Release|Any CPU
		{3DF7464C-665A-45FA-95E8-CE730CDAE92C}.Debug|Any CPU.ActiveCfg = Debug|Any CPU
		{3DF7464C-665A-45FA-95E8-CE730CDAE92C}.Debug|Any CPU.Build.0 = Debug|Any CPU
		{3DF7464C-665A-45FA-95E8-CE730CDAE92C}.Release|Any CPU.ActiveCfg = Release|Any CPU
		{3DF7464C-665A-45FA-95E8-CE730CDAE92C}.Release|Any CPU.Build.0 = Release|Any CPU
		{3AEF3A12-1739-4485-9AA5-448157D30135}.Debug|Any CPU.ActiveCfg = Debug|Any CPU
		{3AEF3A12-1739-4485-9AA5-448157D30135}.Debug|Any CPU.Build.0 = Debug|Any CPU
		{3AEF3A12-1739-4485-9AA5-448157D30135}.Release|Any CPU.ActiveCfg = Release|Any CPU
		{3AEF3A12-1739-4485-9AA5-448157D30135}.Release|Any CPU.Build.0 = Release|Any CPU
		{B95389C4-7BA1-4BD7-A030-0FE66EE99797}.Debug|Any CPU.ActiveCfg = Debug|Any CPU
		{B95389C4-7BA1-4BD7-A030-0FE66EE99797}.Debug|Any CPU.Build.0 = Debug|Any CPU
		{B95389C4-7BA1-4BD7-A030-0FE66EE99797}.Release|Any CPU.ActiveCfg = Release|Any CPU
		{B95389C4-7BA1-4BD7-A030-0FE66EE99797}.Release|Any CPU.Build.0 = Release|Any CPU
		{D752529D-E90F-4109-B4CD-2284BD0E7658}.Debug|Any CPU.ActiveCfg = Debug|Any CPU
		{D752529D-E90F-4109-B4CD-2284BD0E7658}.Debug|Any CPU.Build.0 = Debug|Any CPU
		{D752529D-E90F-4109-B4CD-2284BD0E7658}.Release|Any CPU.ActiveCfg = Release|Any CPU
		{D752529D-E90F-4109-B4CD-2284BD0E7658}.Release|Any CPU.Build.0 = Release|Any CPU
		{F170AA14-946B-4EF3-893F-45DD28F78FF5}.Debug|Any CPU.ActiveCfg = Debug|Any CPU
		{F170AA14-946B-4EF3-893F-45DD28F78FF5}.Debug|Any CPU.Build.0 = Debug|Any CPU
		{F170AA14-946B-4EF3-893F-45DD28F78FF5}.Release|Any CPU.ActiveCfg = Release|Any CPU
		{F170AA14-946B-4EF3-893F-45DD28F78FF5}.Release|Any CPU.Build.0 = Release|Any CPU
		{51E7BCA7-60C7-4678-BF70-9861173EAACA}.Debug|Any CPU.ActiveCfg = Debug|Any CPU
		{51E7BCA7-60C7-4678-BF70-9861173EAACA}.Debug|Any CPU.Build.0 = Debug|Any CPU
		{51E7BCA7-60C7-4678-BF70-9861173EAACA}.Release|Any CPU.ActiveCfg = Release|Any CPU
		{51E7BCA7-60C7-4678-BF70-9861173EAACA}.Release|Any CPU.Build.0 = Release|Any CPU
		{EAC2D50C-275C-4E66-9AA1-1354095FDD17}.Debug|Any CPU.ActiveCfg = Debug|Any CPU
		{EAC2D50C-275C-4E66-9AA1-1354095FDD17}.Debug|Any CPU.Build.0 = Debug|Any CPU
		{EAC2D50C-275C-4E66-9AA1-1354095FDD17}.Release|Any CPU.ActiveCfg = Release|Any CPU
		{EAC2D50C-275C-4E66-9AA1-1354095FDD17}.Release|Any CPU.Build.0 = Release|Any CPU
		{129B50DF-C45D-4F18-B812-5F7FFA171E3C}.Debug|Any CPU.ActiveCfg = Debug|Any CPU
		{129B50DF-C45D-4F18-B812-5F7FFA171E3C}.Debug|Any CPU.Build.0 = Debug|Any CPU
		{129B50DF-C45D-4F18-B812-5F7FFA171E3C}.Release|Any CPU.ActiveCfg = Release|Any CPU
		{129B50DF-C45D-4F18-B812-5F7FFA171E3C}.Release|Any CPU.Build.0 = Release|Any CPU
	EndGlobalSection
EndGlobal
