
Microsoft Visual Studio Solution File, Format Version 12.00
Project("{2150E333-8FDC-42A3-9474-1A3956D46DE8}") = "Domain", "Domain", "{611B0C80-A761-4E6F-BC71-C7996054C1C7}"
EndProject
Project("{FAE04EC0-301F-11D3-BF4B-00C04F79EFBC}") = "PaperStreet.Domain.Core", "PaperStreet.Domain.Core\PaperStreet.Domain.Core.csproj", "{7835BB7E-3EB7-48C3-B16D-ACC9EB77215F}"
EndProject
Project("{2150E333-8FDC-42A3-9474-1A3956D46DE8}") = "Infra.Bus", "Infra.Bus", "{C4233618-791B-45E2-8833-1AF3DFE706B8}"
EndProject
Project("{FAE04EC0-301F-11D3-BF4B-00C04F79EFBC}") = "PaperStreet.Infra.Bus", "PaperStreet.Infra.Bus\PaperStreet.Infra.Bus.csproj", "{5BBC065A-14FF-4450-B311-E0E806275604}"
EndProject
Project("{2150E333-8FDC-42A3-9474-1A3956D46DE8}") = "Infra.IoC", "Infra.IoC", "{025A46C7-B8CA-4666-B066-1566132B8FF5}"
EndProject
Project("{FAE04EC0-301F-11D3-BF4B-00C04F79EFBC}") = "PaperStreet.Infra.IoC", "PaperStreet.Infra.IoC\PaperStreet.Infra.IoC.csproj", "{925C3A0A-53E1-45B9-88AC-729A9A84D6FC}"
EndProject
Project("{2150E333-8FDC-42A3-9474-1A3956D46DE8}") = "Microservices", "Microservices", "{E7EFABE6-478D-4470-8883-FBEF6AF830F1}"
EndProject
Project("{2150E333-8FDC-42A3-9474-1A3956D46DE8}") = "Authentication", "Authentication", "{85925609-3EBB-4336-A500-7C6FBB573901}"
EndProject
Project("{2150E333-8FDC-42A3-9474-1A3956D46DE8}") = "Api", "Api", "{1919EAA2-9E38-4A88-81EA-A6EA3666D6C6}"
EndProject
Project("{2150E333-8FDC-42A3-9474-1A3956D46DE8}") = "Application", "Application", "{6EC423AF-7595-44F6-BE00-B10F421F7025}"
EndProject
Project("{2150E333-8FDC-42A3-9474-1A3956D46DE8}") = "Data", "Data", "{305CFE48-D3F7-4AEB-9A47-6003AFC67112}"
EndProject
Project("{2150E333-8FDC-42A3-9474-1A3956D46DE8}") = "Domain", "Domain", "{944B3F6E-AFD4-4B07-861C-75DB36761BAE}"
EndProject
Project("{2150E333-8FDC-42A3-9474-1A3956D46DE8}") = "Tests", "Tests", "{E627D46C-B0BF-4208-9807-C4D297FC37DA}"
EndProject
Project("{FAE04EC0-301F-11D3-BF4B-00C04F79EFBC}") = "PaperStreet.Authentication.Api", "PaperStreet.Authentication.Api\PaperStreet.Authentication.Api.csproj", "{BB35E2B6-22B1-4CB1-B193-27B5BE599967}"
EndProject
Project("{FAE04EC0-301F-11D3-BF4B-00C04F79EFBC}") = "PaperStreet.Authentication.Application", "PaperStreet.Authentication.Application\PaperStreet.Authentication.Application.csproj", "{D02F6221-5B8E-499D-89A5-A1BEED03DEA0}"
EndProject
Project("{FAE04EC0-301F-11D3-BF4B-00C04F79EFBC}") = "PaperStreet.Authentication.Data", "PaperStreet.Authentication.Data\PaperStreet.Authentication.Data.csproj", "{E8072C31-EE37-4347-AB38-0128ECC1B29D}"
EndProject
Project("{FAE04EC0-301F-11D3-BF4B-00C04F79EFBC}") = "PaperStreet.Authentication.Domain", "PaperStreet.Authentication.Domain\PaperStreet.Authentication.Domain.csproj", "{0FA8DA42-27F9-4FAD-9361-58E8A190978D}"
EndProject
Project("{FAE04EC0-301F-11D3-BF4B-00C04F79EFBC}") = "PaperStreet.Tests", "PaperStreet.Tests\PaperStreet.Tests.csproj", "{2C480AE9-7C43-47C9-95CC-593070EA8A66}"
EndProject
Global
	GlobalSection(SolutionConfigurationPlatforms) = preSolution
		Debug|Any CPU = Debug|Any CPU
		Release|Any CPU = Release|Any CPU
	EndGlobalSection
	GlobalSection(NestedProjects) = preSolution
		{7835BB7E-3EB7-48C3-B16D-ACC9EB77215F} = {611B0C80-A761-4E6F-BC71-C7996054C1C7}
		{5BBC065A-14FF-4450-B311-E0E806275604} = {C4233618-791B-45E2-8833-1AF3DFE706B8}
		{925C3A0A-53E1-45B9-88AC-729A9A84D6FC} = {025A46C7-B8CA-4666-B066-1566132B8FF5}
		{85925609-3EBB-4336-A500-7C6FBB573901} = {E7EFABE6-478D-4470-8883-FBEF6AF830F1}
		{1919EAA2-9E38-4A88-81EA-A6EA3666D6C6} = {85925609-3EBB-4336-A500-7C6FBB573901}
		{6EC423AF-7595-44F6-BE00-B10F421F7025} = {85925609-3EBB-4336-A500-7C6FBB573901}
		{305CFE48-D3F7-4AEB-9A47-6003AFC67112} = {85925609-3EBB-4336-A500-7C6FBB573901}
		{944B3F6E-AFD4-4B07-861C-75DB36761BAE} = {85925609-3EBB-4336-A500-7C6FBB573901}
		{BB35E2B6-22B1-4CB1-B193-27B5BE599967} = {1919EAA2-9E38-4A88-81EA-A6EA3666D6C6}
		{D02F6221-5B8E-499D-89A5-A1BEED03DEA0} = {6EC423AF-7595-44F6-BE00-B10F421F7025}
		{E8072C31-EE37-4347-AB38-0128ECC1B29D} = {305CFE48-D3F7-4AEB-9A47-6003AFC67112}
		{0FA8DA42-27F9-4FAD-9361-58E8A190978D} = {944B3F6E-AFD4-4B07-861C-75DB36761BAE}
		{2C480AE9-7C43-47C9-95CC-593070EA8A66} = {E627D46C-B0BF-4208-9807-C4D297FC37DA}
	EndGlobalSection
	GlobalSection(ProjectConfigurationPlatforms) = postSolution
		{7835BB7E-3EB7-48C3-B16D-ACC9EB77215F}.Debug|Any CPU.ActiveCfg = Debug|Any CPU
		{7835BB7E-3EB7-48C3-B16D-ACC9EB77215F}.Debug|Any CPU.Build.0 = Debug|Any CPU
		{7835BB7E-3EB7-48C3-B16D-ACC9EB77215F}.Release|Any CPU.ActiveCfg = Release|Any CPU
		{7835BB7E-3EB7-48C3-B16D-ACC9EB77215F}.Release|Any CPU.Build.0 = Release|Any CPU
		{5BBC065A-14FF-4450-B311-E0E806275604}.Debug|Any CPU.ActiveCfg = Debug|Any CPU
		{5BBC065A-14FF-4450-B311-E0E806275604}.Debug|Any CPU.Build.0 = Debug|Any CPU
		{5BBC065A-14FF-4450-B311-E0E806275604}.Release|Any CPU.ActiveCfg = Release|Any CPU
		{5BBC065A-14FF-4450-B311-E0E806275604}.Release|Any CPU.Build.0 = Release|Any CPU
		{925C3A0A-53E1-45B9-88AC-729A9A84D6FC}.Debug|Any CPU.ActiveCfg = Debug|Any CPU
		{925C3A0A-53E1-45B9-88AC-729A9A84D6FC}.Debug|Any CPU.Build.0 = Debug|Any CPU
		{925C3A0A-53E1-45B9-88AC-729A9A84D6FC}.Release|Any CPU.ActiveCfg = Release|Any CPU
		{925C3A0A-53E1-45B9-88AC-729A9A84D6FC}.Release|Any CPU.Build.0 = Release|Any CPU
		{BB35E2B6-22B1-4CB1-B193-27B5BE599967}.Debug|Any CPU.ActiveCfg = Debug|Any CPU
		{BB35E2B6-22B1-4CB1-B193-27B5BE599967}.Debug|Any CPU.Build.0 = Debug|Any CPU
		{BB35E2B6-22B1-4CB1-B193-27B5BE599967}.Release|Any CPU.ActiveCfg = Release|Any CPU
		{BB35E2B6-22B1-4CB1-B193-27B5BE599967}.Release|Any CPU.Build.0 = Release|Any CPU
		{D02F6221-5B8E-499D-89A5-A1BEED03DEA0}.Debug|Any CPU.ActiveCfg = Debug|Any CPU
		{D02F6221-5B8E-499D-89A5-A1BEED03DEA0}.Debug|Any CPU.Build.0 = Debug|Any CPU
		{D02F6221-5B8E-499D-89A5-A1BEED03DEA0}.Release|Any CPU.ActiveCfg = Release|Any CPU
		{D02F6221-5B8E-499D-89A5-A1BEED03DEA0}.Release|Any CPU.Build.0 = Release|Any CPU
		{E8072C31-EE37-4347-AB38-0128ECC1B29D}.Debug|Any CPU.ActiveCfg = Debug|Any CPU
		{E8072C31-EE37-4347-AB38-0128ECC1B29D}.Debug|Any CPU.Build.0 = Debug|Any CPU
		{E8072C31-EE37-4347-AB38-0128ECC1B29D}.Release|Any CPU.ActiveCfg = Release|Any CPU
		{E8072C31-EE37-4347-AB38-0128ECC1B29D}.Release|Any CPU.Build.0 = Release|Any CPU
		{0FA8DA42-27F9-4FAD-9361-58E8A190978D}.Debug|Any CPU.ActiveCfg = Debug|Any CPU
		{0FA8DA42-27F9-4FAD-9361-58E8A190978D}.Debug|Any CPU.Build.0 = Debug|Any CPU
		{0FA8DA42-27F9-4FAD-9361-58E8A190978D}.Release|Any CPU.ActiveCfg = Release|Any CPU
		{0FA8DA42-27F9-4FAD-9361-58E8A190978D}.Release|Any CPU.Build.0 = Release|Any CPU
		{2C480AE9-7C43-47C9-95CC-593070EA8A66}.Debug|Any CPU.ActiveCfg = Debug|Any CPU
		{2C480AE9-7C43-47C9-95CC-593070EA8A66}.Debug|Any CPU.Build.0 = Debug|Any CPU
		{2C480AE9-7C43-47C9-95CC-593070EA8A66}.Release|Any CPU.ActiveCfg = Release|Any CPU
		{2C480AE9-7C43-47C9-95CC-593070EA8A66}.Release|Any CPU.Build.0 = Release|Any CPU
	EndGlobalSection
EndGlobal
